
Microsoft Visual Studio Solution File, Format Version 12.00
# Visual Studio Version 17
VisualStudioVersion = 17.8.34511.84
MinimumVisualStudioVersion = 10.0.40219.1
Project("{FAE04EC0-301F-11D3-BF4B-00C04F79EFBC}") = "Tixer", "Tixer\Tixer.csproj", "{2786AD82-A821-4DFB-A961-704EEBBEA190}"
EndProject
Global
	GlobalSection(SolutionConfigurationPlatforms) = preSolution
		Debug|Any CPU = Debug|Any CPU
		Release|Any CPU = Release|Any CPU
	EndGlobalSection
	GlobalSection(ProjectConfigurationPlatforms) = postSolution
		{2786AD82-A821-4DFB-A961-704EEBBEA190}.Debug|Any CPU.ActiveCfg = Debug|Any CPU
		{2786AD82-A821-4DFB-A961-704EEBBEA190}.Debug|Any CPU.Build.0 = Debug|Any CPU
		{2786AD82-A821-4DFB-A961-704EEBBEA190}.Release|Any CPU.ActiveCfg = Release|Any CPU
		{2786AD82-A821-4DFB-A961-704EEBBEA190}.Release|Any CPU.Build.0 = Release|Any CPU
	EndGlobalSection
	GlobalSection(SolutionProperties) = preSolution
		HideSolutionNode = FALSE
	EndGlobalSection
	GlobalSection(ExtensibilityGlobals) = postSolution
		SolutionGuid = {EE790182-B18B-4A9A-BCEC-6A1D40AB0ED5}
	EndGlobalSection
EndGlobal
